<?xml version="1.0" encoding="utf-8"?>
<Project ToolsVersion="4.0" xmlns="http://schemas.microsoft.com/developer/msbuild/2003">
  <ItemGroup>
    <Filter Include="Source Files">
      <UniqueIdentifier>{4FC737F1-C7A5-4376-A066-2A32D752A2FF}</UniqueIdentifier>
      <Extensions>cpp;c;cc;cxx;def;odl;idl;hpj;bat;asm;asmx</Extensions>
    </Filter>
    <Filter Include="Header Files">
      <UniqueIdentifier>{93995380-89BD-4b04-88EB-625FBE52EBFB}</UniqueIdentifier>
      <Extensions>h;hh;hpp;hxx;hm;inl;inc;xsd</Extensions>
    </Filter>
    <Filter Include="Resource Files">
      <UniqueIdentifier>{67DA6AB6-F800-4c08-8B7A-83BB121AAD01}</UniqueIdentifier>
      <Extensions>rc;ico;cur;bmp;dlg;rc2;rct;bin;rgs;gif;jpg;jpeg;jpe;resx;tiff;tif;png;wav;mfcribbon-ms</Extensions>
    </Filter>
    <Filter Include="Form Files">
      <UniqueIdentifier>{99349809-55BA-4b9d-BF79-8FDBB0286EB3}</UniqueIdentifier>
      <Extensions>ui</Extensions>
    </Filter>
    <Filter Include="Resource Files">
      <UniqueIdentifier>{D9D6E242-F8AF-46E4-B9FD-80ECBC20BA3E}</UniqueIdentifier>
      <Extensions>qrc;*</Extensions>
      <ParseFiles>false</ParseFiles>
    </Filter>
    <Filter Include="Widgets">
      <UniqueIdentifier>{949b597a-53f3-4de5-84cc-0ea5d66f2a67}</UniqueIdentifier>
    </Filter>
    <Filter Include="Dialogs">
      <UniqueIdentifier>{c796a233-2f6e-4df9-b341-9e258dad9449}</UniqueIdentifier>
    </Filter>
    <Filter Include="Core">
      <UniqueIdentifier>{fc629de9-31fe-484e-9a08-fa0a432be2c5}</UniqueIdentifier>
    </Filter>
    <Filter Include="Main">
      <UniqueIdentifier>{7d9092df-59ae-4ead-9e96-74ebced9e36f}</UniqueIdentifier>
    </Filter>
    <Filter Include="Entity">
      <UniqueIdentifier>{39529193-13d7-4d9f-b291-8c9d1ce4c4be}</UniqueIdentifier>
    </Filter>
    <Filter Include="Entity\hxx">
      <UniqueIdentifier>{5904821a-4fd5-428f-a007-87535375040e}</UniqueIdentifier>
    </Filter>
    <Filter Include="Entity\odb">
      <UniqueIdentifier>{b6a225a2-4537-4265-9f24-5b9511ea5297}</UniqueIdentifier>
    </Filter>
  </ItemGroup>
  <ItemGroup>
    <QtRcc Include="MainWindow.qrc">
      <Filter>Resource Files</Filter>
    </QtRcc>
    <QtRcc Include="style.qrc">
      <Filter>Resource Files</Filter>
    </QtRcc>
  </ItemGroup>
  <ItemGroup>
    <ClCompile Include="MainWindow.cpp">
      <Filter>Main</Filter>
    </ClCompile>
    <ClCompile Include="main.cpp">
      <Filter>Main</Filter>
    </ClCompile>
    <ClCompile Include="Core\ConnectionParams.cpp">
      <Filter>Core</Filter>
    </ClCompile>
    <ClCompile Include="Core\Database.cpp">
      <Filter>Core</Filter>
    </ClCompile>
    <ClCompile Include="Core\Copier.cpp">
      <Filter>Core</Filter>
    </ClCompile>
    <ClCompile Include="Core\Scanner.cpp">
      <Filter>Core</Filter>
    </ClCompile>
    <ClCompile Include="Core\SimpleCrypt.cpp">
      <Filter>Core</Filter>
    </ClCompile>
    <ClCompile Include="Core\Utils.cpp">
      <Filter>Core</Filter>
    </ClCompile>
    <ClCompile Include="Core\Vietnamese.cpp">
      <Filter>Core</Filter>
    </ClCompile>
    <ClCompile Include="Dialog\ConnectionSettingDialog.cpp">
      <Filter>Dialogs</Filter>
    </ClCompile>
    <ClCompile Include="Widget\NhapKhoWidget.cpp">
      <Filter>Widgets</Filter>
    </ClCompile>
    <ClCompile Include="Widget\PhanLoaiTuLieuWidget.cpp">
      <Filter>Widgets</Filter>
    </ClCompile>
    <ClCompile Include="Widget\ScanningWidget.cpp">
      <Filter>Widgets</Filter>
    </ClCompile>
    <ClCompile Include="Entity\NhomTuLieu-odb.cxx">
      <Filter>Entity\odb</Filter>
    </ClCompile>
    <ClCompile Include="Entity\TuLieuBanDo-odb.cxx">
      <Filter>Entity\odb</Filter>
    </ClCompile>
    <ClCompile Include="Entity\TuLieu-odb.cxx">
      <Filter>Entity\odb</Filter>
    </ClCompile>
    <ClCompile Include="Entity\TuLieuType-odb.cxx">
      <Filter>Entity\odb</Filter>
    </ClCompile>
    <ClCompile Include="Core\MapInfo.cpp">
      <Filter>Core</Filter>
    </ClCompile>
    <ClCompile Include="Entity\TyLeType-odb.cxx">
      <Filter>Entity\odb</Filter>
    </ClCompile>
    <ClCompile Include="Entity\HeQuyChieuType-odb.cxx">
      <Filter>Entity\odb</Filter>
    </ClCompile>
    <ClCompile Include="Entity\PhuongPhapTLType-odb.cxx">
      <Filter>Entity\odb</Filter>
    </ClCompile>
    <ClCompile Include="Entity\Kho-odb.cxx">
      <Filter>Entity\odb</Filter>
    </ClCompile>
    <ClCompile Include="Entity\PhieuNhapKho-odb.cxx">
      <Filter>Entity\odb</Filter>
    </ClCompile>
    <ClCompile Include="Entity\PhieuNhapKhoChiTiet-odb.cxx">
      <Filter>Entity\odb</Filter>
    </ClCompile>
    <ClCompile Include="Dialog\ThemCongVanDialog.cpp">
      <Filter>Dialogs</Filter>
    </ClCompile>
    <ClCompile Include="Entity\NguoiKy-odb.cxx">
      <Filter>Entity\odb</Filter>
    </ClCompile>
    <ClCompile Include="Entity\TonKho-odb.cxx">
      <Filter>Entity\odb</Filter>
    </ClCompile>
  </ItemGroup>
  <ItemGroup>
    <ResourceCompile Include="vImporter.rc">
      <Filter>Resource Files</Filter>
    </ResourceCompile>
  </ItemGroup>
  <ItemGroup>
    <QtUic Include="MainWindow.ui">
      <Filter>Main</Filter>
    </QtUic>
    <QtUic Include="Dialog\ConnectionSettingDialog.ui">
      <Filter>Dialogs</Filter>
    </QtUic>
    <QtUic Include="Widget\NhapKhoWidget.ui">
      <Filter>Widgets</Filter>
    </QtUic>
    <QtUic Include="Widget\PhanLoaiTuLieuWidget.ui">
      <Filter>Widgets</Filter>
    </QtUic>
    <QtUic Include="Widget\ScanningWidget.ui">
      <Filter>Widgets</Filter>
    </QtUic>
    <QtUic Include="Dialog\ThemCongVanDialog.ui">
      <Filter>Dialogs</Filter>
    </QtUic>
  </ItemGroup>
  <ItemGroup>
    <QtMoc Include="MainWindow.h">
      <Filter>Main</Filter>
    </QtMoc>
    <QtMoc Include="Core\Database.h">
      <Filter>Core</Filter>
    </QtMoc>
    <QtMoc Include="Core\Copier.h">
      <Filter>Core</Filter>
    </QtMoc>
    <QtMoc Include="Core\Scanner.h">
      <Filter>Core</Filter>
    </QtMoc>
    <QtMoc Include="Widget\PhanLoaiTuLieuWidget.h">
      <Filter>Widgets</Filter>
    </QtMoc>
    <QtMoc Include="Dialog\ConnectionSettingDialog.h">
      <Filter>Dialogs</Filter>
    </QtMoc>
    <QtMoc Include="Widget\NhapKhoWidget.h">
      <Filter>Widgets</Filter>
    </QtMoc>
    <QtMoc Include="Widget\ScanningWidget.h">
      <Filter>Widgets</Filter>
    </QtMoc>
    <QtMoc Include="Dialog\ThemCongVanDialog.h">
      <Filter>Dialogs</Filter>
    </QtMoc>
  </ItemGroup>
  <ItemGroup>
    <ClInclude Include="Core\ConnectionParams.h">
      <Filter>Core</Filter>
    </ClInclude>
    <ClInclude Include="Core\SimpleCrypt.h">
      <Filter>Core</Filter>
    </ClInclude>
    <ClInclude Include="Core\Utils.h">
      <Filter>Core</Filter>
    </ClInclude>
    <ClInclude Include="Core\Vietnamese.h">
      <Filter>Core</Filter>
    </ClInclude>
    <ClInclude Include="Entity\NhomTuLieu-odb.hxx">
      <Filter>Entity\odb</Filter>
    </ClInclude>
    <ClInclude Include="Entity\TuLieuBanDo-odb.hxx">
      <Filter>Entity\odb</Filter>
    </ClInclude>
    <ClInclude Include="Entity\TuLieu-odb.hxx">
      <Filter>Entity\odb</Filter>
    </ClInclude>
    <ClInclude Include="Entity\TuLieuType-odb.hxx">
      <Filter>Entity\odb</Filter>
    </ClInclude>
    <ClInclude Include="Entity\NhomTuLieu-odb.ixx">
      <Filter>Entity\odb</Filter>
    </ClInclude>
    <ClInclude Include="Entity\TuLieuBanDo-odb.ixx">
      <Filter>Entity\odb</Filter>
    </ClInclude>
    <ClInclude Include="Entity\TuLieu-odb.ixx">
      <Filter>Entity\odb</Filter>
    </ClInclude>
    <ClInclude Include="Entity\TuLieuType-odb.ixx">
      <Filter>Entity\odb</Filter>
    </ClInclude>
    <ClInclude Include="Core\MapInfo.h">
      <Filter>Core</Filter>
    </ClInclude>
    <ClInclude Include="Entity\TyLeType-odb.hxx">
      <Filter>Entity\odb</Filter>
    </ClInclude>
    <ClInclude Include="Entity\TyLeType-odb.ixx">
      <Filter>Entity\odb</Filter>
    </ClInclude>
    <ClInclude Include="Entity\HeQuyChieuType-odb.hxx">
      <Filter>Entity\odb</Filter>
    </ClInclude>
    <ClInclude Include="Entity\HeQuyChieuType-odb.ixx">
      <Filter>Entity\odb</Filter>
    </ClInclude>
    <ClInclude Include="Entity\PhuongPhapTLType-odb.hxx">
      <Filter>Entity\odb</Filter>
    </ClInclude>
    <ClInclude Include="Entity\PhuongPhapTLType-odb.ixx">
      <Filter>Entity\odb</Filter>
    </ClInclude>
    <ClInclude Include="Entity\Kho-odb.hxx">
      <Filter>Entity\odb</Filter>
    </ClInclude>
    <ClInclude Include="Entity\PhieuNhapKho-odb.hxx">
      <Filter>Entity\odb</Filter>
    </ClInclude>
    <ClInclude Include="Entity\Kho-odb.ixx">
      <Filter>Entity\odb</Filter>
    </ClInclude>
    <ClInclude Include="Entity\PhieuNhapKho-odb.ixx">
      <Filter>Entity\odb</Filter>
    </ClInclude>
    <ClInclude Include="Entity\PhieuNhapKhoChiTiet-odb.hxx">
      <Filter>Entity\odb</Filter>
    </ClInclude>
    <ClInclude Include="Entity\PhieuNhapKhoChiTiet-odb.ixx">
      <Filter>Entity\odb</Filter>
    </ClInclude>
    <ClInclude Include="Entity\NguoiKy-odb.hxx">
      <Filter>Entity\odb</Filter>
    </ClInclude>
    <ClInclude Include="Entity\NguoiKy-odb.ixx">
      <Filter>Entity\odb</Filter>
    </ClInclude>
    <ClInclude Include="Entity\TonKho-odb.hxx">
      <Filter>Entity\odb</Filter>
    </ClInclude>
    <ClInclude Include="Entity\TonKho-odb.ixx">
      <Filter>Entity\odb</Filter>
    </ClInclude>
  </ItemGroup>
  <ItemGroup>
    <CustomBuild Include="Entity\NhomTuLieu.hxx">
      <Filter>Entity\hxx</Filter>
    </CustomBuild>
    <CustomBuild Include="Entity\TuLieu.hxx">
      <Filter>Entity\hxx</Filter>
    </CustomBuild>
    <CustomBuild Include="Entity\TuLieuBanDo.hxx">
      <Filter>Entity\hxx</Filter>
    </CustomBuild>
    <CustomBuild Include="Entity\TuLieuType.hxx">
      <Filter>Entity\hxx</Filter>
    </CustomBuild>
    <CustomBuild Include="Entity\TyLeType.hxx">
      <Filter>Entity\hxx</Filter>
    </CustomBuild>
    <CustomBuild Include="Entity\HeQuyChieuType.hxx">
      <Filter>Entity\hxx</Filter>
    </CustomBuild>
    <CustomBuild Include="Entity\PhuongPhapTLType.hxx">
      <Filter>Entity\hxx</Filter>
    </CustomBuild>
    <CustomBuild Include="Entity\Kho.hxx">
      <Filter>Entity\hxx</Filter>
    </CustomBuild>
    <CustomBuild Include="Entity\PhieuNhapKho.hxx">
      <Filter>Entity\hxx</Filter>
    </CustomBuild>
    <CustomBuild Include="Entity\PhieuNhapKhoChiTiet.hxx">
      <Filter>Entity\hxx</Filter>
    </CustomBuild>
    <CustomBuild Include="Entity\NguoiKy.hxx">
      <Filter>Entity\hxx</Filter>
    </CustomBuild>
    <CustomBuild Include="Entity\TonKho.hxx">
      <Filter>Entity\hxx</Filter>
    </CustomBuild>
  </ItemGroup>
</Project>